
Microsoft Visual Studio Solution File, Format Version 12.00
# Visual Studio Version 16
VisualStudioVersion = 25.0.1703.4
MinimumVisualStudioVersion = 10.0.40219.1
Project("{FAE04EC0-301F-11D3-BF4B-00C04F79EFBC}") = "weddit-api", "weddit-api.csproj", "{CEBD6853-4632-426C-9F58-CDBF8B1568CA}"
EndProject
Global
	GlobalSection(SolutionConfigurationPlatforms) = preSolution
		Debug|Any CPU = Debug|Any CPU
		Release|Any CPU = Release|Any CPU
	EndGlobalSection
	GlobalSection(ProjectConfigurationPlatforms) = postSolution
		{CEBD6853-4632-426C-9F58-CDBF8B1568CA}.Debug|Any CPU.ActiveCfg = Debug|Any CPU
		{CEBD6853-4632-426C-9F58-CDBF8B1568CA}.Debug|Any CPU.Build.0 = Debug|Any CPU
		{CEBD6853-4632-426C-9F58-CDBF8B1568CA}.Release|Any CPU.ActiveCfg = Release|Any CPU
		{CEBD6853-4632-426C-9F58-CDBF8B1568CA}.Release|Any CPU.Build.0 = Release|Any CPU
	EndGlobalSection
	GlobalSection(SolutionProperties) = preSolution
		HideSolutionNode = FALSE
	EndGlobalSection
	GlobalSection(ExtensibilityGlobals) = postSolution
		SolutionGuid = {8152DFD6-7C27-453D-AC78-D0B8CD6BC24F}
	EndGlobalSection
EndGlobal
