
Microsoft Visual Studio Solution File, Format Version 12.00
# Visual Studio Version 16
VisualStudioVersion = 25.0.1703.4
MinimumVisualStudioVersion = 10.0.40219.1
Project("{FAE04EC0-301F-11D3-BF4B-00C04F79EFBC}") = "weddit-api", "weddit-api.csproj", "{BDCAA525-E484-4BD2-8759-044672B6B205}"
EndProject
Global
	GlobalSection(SolutionConfigurationPlatforms) = preSolution
		Debug|Any CPU = Debug|Any CPU
		Release|Any CPU = Release|Any CPU
	EndGlobalSection
	GlobalSection(ProjectConfigurationPlatforms) = postSolution
		{BDCAA525-E484-4BD2-8759-044672B6B205}.Debug|Any CPU.ActiveCfg = Debug|Any CPU
		{BDCAA525-E484-4BD2-8759-044672B6B205}.Debug|Any CPU.Build.0 = Debug|Any CPU
		{BDCAA525-E484-4BD2-8759-044672B6B205}.Release|Any CPU.ActiveCfg = Release|Any CPU
		{BDCAA525-E484-4BD2-8759-044672B6B205}.Release|Any CPU.Build.0 = Release|Any CPU
	EndGlobalSection
	GlobalSection(SolutionProperties) = preSolution
		HideSolutionNode = FALSE
	EndGlobalSection
	GlobalSection(ExtensibilityGlobals) = postSolution
		SolutionGuid = {EC5CF02D-35A8-421C-B9C6-486C1B0886F0}
	EndGlobalSection
EndGlobal
